
Microsoft Visual Studio Solution File, Format Version 12.00
# Visual Studio Version 16
VisualStudioVersion = 16.0.28917.181
MinimumVisualStudioVersion = 10.0.40219.1
Project("{8BC9CEB8-8B4A-11D0-8D11-00A0C91BC942}") = "BUnitTest", "BUnitTest\BUnitTest.vcxproj", "{6555C701-8261-463F-9551-3EF03F1898E4}"
EndProject
Project("{8BC9CEB8-8B4A-11D0-8D11-00A0C91BC942}") = "laserMachine", "laserMachine\laserMachine.vcxproj", "{DF238B91-41DC-4E24-8A44-14D51F1DF8AE}"
EndProject
Global
	GlobalSection(SolutionConfigurationPlatforms) = preSolution
		Debug|x64 = Debug|x64
		Debug|x86 = Debug|x86
		Release|x64 = Release|x64
		Release|x86 = Release|x86
	EndGlobalSection
	GlobalSection(ProjectConfigurationPlatforms) = postSolution
		{6555C701-8261-463F-9551-3EF03F1898E4}.Debug|x64.ActiveCfg = Debug|x64
		{6555C701-8261-463F-9551-3EF03F1898E4}.Debug|x64.Build.0 = Debug|x64
		{6555C701-8261-463F-9551-3EF03F1898E4}.Debug|x86.ActiveCfg = Debug|Win32
		{6555C701-8261-463F-9551-3EF03F1898E4}.Debug|x86.Build.0 = Debug|Win32
		{6555C701-8261-463F-9551-3EF03F1898E4}.Release|x64.ActiveCfg = Release|x64
		{6555C701-8261-463F-9551-3EF03F1898E4}.Release|x64.Build.0 = Release|x64
		{6555C701-8261-463F-9551-3EF03F1898E4}.Release|x86.ActiveCfg = Release|Win32
		{6555C701-8261-463F-9551-3EF03F1898E4}.Release|x86.Build.0 = Release|Win32
		{DF238B91-41DC-4E24-8A44-14D51F1DF8AE}.Debug|x64.ActiveCfg = Debug|x64
		{DF238B91-41DC-4E24-8A44-14D51F1DF8AE}.Debug|x64.Build.0 = Debug|x64
		{DF238B91-41DC-4E24-8A44-14D51F1DF8AE}.Debug|x86.ActiveCfg = Debug|Win32
		{DF238B91-41DC-4E24-8A44-14D51F1DF8AE}.Debug|x86.Build.0 = Debug|Win32
		{DF238B91-41DC-4E24-8A44-14D51F1DF8AE}.Release|x64.ActiveCfg = Release|x64
		{DF238B91-41DC-4E24-8A44-14D51F1DF8AE}.Release|x64.Build.0 = Release|x64
		{DF238B91-41DC-4E24-8A44-14D51F1DF8AE}.Release|x86.ActiveCfg = Release|Win32
		{DF238B91-41DC-4E24-8A44-14D51F1DF8AE}.Release|x86.Build.0 = Release|Win32
	EndGlobalSection
	GlobalSection(SolutionProperties) = preSolution
		HideSolutionNode = FALSE
	EndGlobalSection
	GlobalSection(ExtensibilityGlobals) = postSolution
		SolutionGuid = {73DBBA46-6262-4991-B941-02808DD1E83C}
	EndGlobalSection
EndGlobal
